{
  "name": "app",
  "version": "9.1.0",
  "lockfileVersion": 2,
  "requires": true,
  "packages": {
    "": {
      "name": "app",
      "version": "9.1.0",
      "license": "Apache-2.0",
      "dependencies": {
        "@supabase/supabase-js": "^2.43.4",
        "@babel/runtime": "^7.17.9",
        "@loadable/component": "^5.15.2",
        "@loadable/server": "^5.15.2",
        "@mapbox/polyline": "^1.1.1",
        "@sentry/browser": "^6.19.7",
        "@sentry/node": "^6.19.7",
        "autosize": "^5.0.1",
        "basic-auth": "^2.0.1",
        "body-parser": "^1.18.3",
        "classnames": "^2.2.6",
        "compression": "^1.7.4",
        "cookie-parser": "^1.4.5",
        "core-js": "^3.6.5",
        "cors": "^2.8.5",
        "decimal.js": "^10.3.1",
        "dotenv": "^10.0.0",
        "dotenv-expand": "^5.1.0",
        "express": "^4.18.1",
        "express-enforces-ssl": "^1.1.0",
        "express-sitemap": "^1.8.0",
        "final-form": "^4.20.1",
        "final-form-arrays": "^3.0.2",
        "full-icu": "^1.4.0",
        "helmet": "^4.6.0",
        "jose": "4.8.1",
        "lodash": "^4.17.21",
        "mapbox-gl-multitouch": "^1.0.3",
        "moment": "^2.29.4",
        "passport": "^0.6.0",
        "passport-facebook": "^3.0.0",
        "passport-google-oauth": "^2.0.0",
        "path-to-regexp": "^6.1.0",
        "prop-types": "^15.7.2",
        "query-string": "^6.13.1",
        "raf": "^3.4.0",
        "react": "^16.13.1",
        "react-dates": "^21.3.1",
        "react-dom": "^16.13.1",
        "react-final-form": "^6.5.9",
        "react-final-form-arrays": "^3.1.3",
        "react-google-maps": "^9.4.5",
        "react-helmet-async": "^1.3.0",
        "react-image-gallery": "^1.0.9",
        "react-intl": "^5.25.1",
        "react-moment-proptypes": "^1.8.1",
        "react-redux": "^7.2.8",
        "react-router-dom": "^5.3.2",
        "react-with-direction": "^1.4.0",
        "redux": "^4.2.0",
        "redux-thunk": "^2.4.1",
        "rehype-react": "^6.2.1",
        "rehype-sanitize": "^4.0.0",
        "remark-parse": "^9.0.0",
        "remark-rehype": "^8.1.0",
        "seedrandom": "^3.0.5",
        "sharetribe-flex-sdk": "^1.17.0",
        "sharetribe-scripts": "6.0.0",
        "smoothscroll-polyfill": "^0.4.0",
        "source-map-support": "^0.5.21",
        "unified": "^9.2.2",
        "url": "^0.11.0"
      },
      "devDependencies": {
        "bfj": "^7.0.2",
        "chalk": "^4.1.0",
        "concurrently": "^5.3.0",
        "enzyme": "^3.11.0",
        "enzyme-adapter-react-16": "^1.15.2",
        "enzyme-to-json": "^3.5.0",
        "inquirer": "^7.3.3",
        "nodemon": "^2.0.4",
        "prettier": "^1.18.2"
      }
    },
    "node_modules/@babel/runtime": {
      "version": "7.17.9",
      "resolved": "https://registry.npmjs.org/@babel/runtime/-/runtime-7.17.9.tgz",
      "integrity": "sha512-c/LE+I0bh9Dq5E5p7TYAmhr4AEzT15jE91w5PAkAAMlI5LwZy+kQaP9AIMzzn1kv3mzkks1RRwoep9cZDT8uKQ==",
      "dev": true,
      "dependencies": {
        "regenerator-runtime": "^0.13.4"
      }
    },
    "node_modules/@loadable/component": {
      "version": "5.15.2",
      "resolved": "https://registry.npmjs.org/@loadable/component/-/component-5.15.2.tgz",
      "integrity": "sha512-RvDtMhd+xz2gikFc7TtHQ23ZpQ98UqxDCq1kl3EK8IrdWyyZFuL5rZ/6l4M1QoaqojXjQ+3mM8/NXQbUyVG5Zw==",
      "dev": true,
      "dependencies": {
        "hoist-non-react-statics": "^3.3.0",
        "react-is": "^16.12.0"
      }
    },
    "node_modules/@loadable/server": {
      "version": "5.15.2",
      "resolved": "https://registry.npmjs.org/@loadable/server/-/server-5.15.2.tgz",
      "integrity": "sha512-Fs5z/PME9es8xH5AS+HkB+tazHeHoq2kbjQAv2hDVuVAF7SgDlyOBQ+mhr1ggqXXZHZR92B7bbJpAcQFwVVDFQ==",
      "dev": true
    },
    "node_modules/@mapbox/polyline": {
      "version": "1.1.1",
      "resolved": "https://registry.npmjs.org/@mapbox/polyline/-/polyline-1.1.1.tgz",
      "integrity": "sha512-k8FgYmNgpT3kN+AXT0/7X4id3pgmA1NaiImUG3hl24nVsh5Wqk7sIkK1lhQHzbW6Z11AH7EyDf8h5zTBZkV9Ww==",
      "dev": true
    },
    "node_modules/@sentry/browser": {
      "version": "6.19.7",
      "resolved": "https://registry.npmjs.org/@sentry/browser/-/browser-6.19.7.tgz",
      "integrity": "sha512-ykXeFk3Vf1MTd/pxq7BQmrCIZYGyP3bUNkEw3qlDlfuCqZ5An1LO1b1l8HtDSgpeVncyA1oc25xbs5jpMIekgA==",
      "dev": true,
      "dependencies": {
        "@sentry/types": "6.19.7",
        "@sentry/utils": "6.19.7"
      }
    },
    "node_modules/@sentry/node": {
      "version": "6.19.7",
      "resolved": "https://registry.npmjs.org/@sentry/node/-/node-6.19.7.tgz",
      "integrity": "sha512-xOsejhr0c1On1HFHEhHrk9HvG9XtTz+cKdrFovcC+v8LDXXp7IBKTGCvGRhujHB+q2nFv8VRUPAeHmvB1q6Bpg==",
      "dev": true,
      "dependencies": {
        "@sentry/core": "6.19.7",
        "@sentry/types": "6.19.7",
        "@sentry/utils": "6.19.7",
        "cookie": "^0.4.1",
        "https-proxy-agent": "^5.0.0",
        "lru_map": "^0.3.3",
        "stack-trace": "^0.0.10",
        "tslib": "^2.1.0"
      }
    },
    "node_modules/autosize": {
      "version": "5.0.1",
      "resolved": "https://registry.npmjs.org/autosize/-/autosize-5.0.1.tgz",
      "integrity": "sha512-ggYZqmgQINpVpPS6UshGLOi9G1QbbHL1IG+Gx7f4DqkvG0yxA/8b8wYJXayJwhtfHh/25Gh1PboKkEMob5EmdQ==",
      "dev": true
    },
    "node_modules/basic-auth": {
      "version": "2.0.1",
      "resolved": "https://registry.npmjs.org/basic-auth/-/basic-auth-2.0.1.tgz",
      "integrity": "sha512-NF+epuMjTAvZslKjUtF3UCab70AlpO5fdoDq98MmrUeOoxQWQJ2zCwxK6MXdONZ2ZYySDctnp69OmFQNREt8ww==",
      "dev": true,
      "dependencies": {
        "safe-buffer": "5.1.2"
      }
    },
    "node_modules/body-parser": {
      "version": "1.18.3",
      "resolved": "https://registry.npmjs.org/body-parser/-/body-parser-1.18.3.tgz",
      "integrity": "sha512-Ts91ZJxt1F39MxFN2CrSB6C4NqeNeQmGg0qPO+qPRKowWkHJKYEvV2qlyEprnG8ZrNKN2Js+I7n0BRG1XMe5Bg==",
      "dev": true,
      "dependencies": {
        "bytes": "3.0.0",
        "content-type": "~1.0.4",
        "debug": "2.6.9",
        "depd": "~1.1.2",
        "http-errors": "1.6.2",
        "iconv-lite": "0.4.19",
        "on-finished": "~2.3.0",
        "qs": "6.5.1",
        "raw-body": "2.3.2",
        "type-is": "~1.6.16"
      }
    },
    "node_modules/classnames": {
      "version": "2.2.6",
      "resolved": "https://registry.npmjs.org/classnames/-/classnames-2.2.6.tgz",
      "integrity": "sha512-JG1bB8r5Pp7v2MojCwLgqKHZKj5U/28TeepJ+X6x/Ag7cMKspzlTwF4Eq3IafNYV6Re+ol1OdtAYI5Jem8/Hyg==",
      "dev": true
    },
    "node_modules/compression": {
      "version": "1.7.4",
      "resolved": "https://registry.npmjs.org/compression/-/compression-1.7.4.tgz",
      "integrity": "sha512-T2qD9K2YLZyeCRpjaW5SYK7Fw/PnEu5qgXAZQJrV2fMeL6OkBlNgP3TTtfU8znsDP2KY0uN0nlHLMB1quAzbYA==",
      "dev": true,
      "dependencies": {
        "accepts": "~1.3.5",
        "bytes": "3.0.0",
        "compressible": "~2.0.15",
        "debug": "2.6.9",
        "on-headers": "~1.0.1",
        "safe-buffer": "5.1.2",
        "vary": "~1.1.2"
      }
    },
    "node_modules/compressible": {
      "version": "2.0.15",
      "resolved": "https://registry.npmjs.org/compressible/-/compressible-2.0.15.tgz",
      "integrity": "sha512-NmkO5RPVmr4Y09uV/Ik5lx11Jb7Nnoev1P8p5I1/A7uZhPlqBt/cE5UjqSH+nQSTGeSBmZdf6Gh54+76nKSkMw==",
      "dev": true,
      "dependencies": {
        "mime-db": "1.44.0"
      }
    },
    "node_modules/cookie-parser": {
      "version": "1.4.5",
      "resolved": "https://registry.npmjs.org/cookie-parser/-/cookie-parser-1.4.5.tgz",
      "integrity": "sha512-+PUdtn5qHDvoHyTSrP9u/ZoFqWZ1l8s/aWrqApxPME+Z+v//cf70T/GA7p9X3QU1E4lgtY2LB4A7kpXNpYhv5Q==",
      "dev": true,
      "dependencies": {
        "cookie": "0.4.0",
        "cookie-signature": "1.0.6"
      }
    },
    "node_modules/cookie-signature": {
      "version": "1.0.6",
      "resolved": "https://registry.npmjs.org/cookie-signature/-/cookie-signature-1.0.6.tgz",
      "integrity": "sha512-QADm6LsL4cy5DqGyNYMdM6mJ5TrVg0BJ8pELQDA2QA1k9ek2lmZ7I4tsgMTlTLBCBqR+9uQ9Mk4tRag+kXgMxg==",
      "dev": true
    },
    "node_modules/core-js": {
      "version": "3.6.5",
      "resolved": "https://registry.npmjs.org/core-js/-/core-js-3.6.5.tgz",
      "integrity": "sha512-lHFeLNmTRlQZh+kfPM1xBihjv9h6M3UIuV8NsKEsdGM8Zn9FR5sB0k5qO5hJp0iEIRL6mg+NP4P56DeXy4euMA==",
      "dev": true
    },
    "node_modules/cors": {
      "version": "2.8.5",
      "resolved": "https://registry.npmjs.org/cors/-/cors-2.8.5.tgz",
      "integrity": "sha512-K7GQTwEK0GL5N5SB0YQCHDkDaIOGpS9twHgxjRl5Wuf1YPQtxqD77fbi/JJlLfGdCtnx7l2pGswzrqlkfb8mkw==",
      "dev": true
    },
    "node_modules/decimal.js": {
      "version": "10.3.1",
      "resolved": "https://registry.npmjs.org/decimal.js/-/decimal.js-10.3.1.tgz",
      "integrity": "sha512-JMXYEx2/dGi/1X1G/DU+m3oIb98OEfGPhIoHPPvK4Gf/9oOs3RRp6KkZqB2ulWgxfiMGtDkzGyHVlXUDpg0ULg==",
      "dev": true
    },
    "node_modules/dotenv": {
      "version": "10.0.0",
      "resolved": "https://registry.npmjs.org/dotenv/-/dotenv-10.0.0.tgz",
      "integrity": "sha512-C7v8TN3tZO0uMT5DZR4VEAgF4aSDazWSm16uQl0xw2uJUn5Ra9WReLbpVEZHE+jJkQnOHzJ8W/q9ww8W7TXNgw==",
      "dev": true
    },
    "node_modules/dotenv-expand": {
      "version": "5.1.0",
      "resolved": "https://registry.npmjs.org/dotenv-expand/-/dotenv-expand-5.1.0.tgz",
      "integrity": "sha512-FCknJtZFCENy9oeY43zXgyffUbZZ6CBn5xH6cIoNvhYz8C++kvfdce1OklpoD3n6VS2v5tUe7UzSt0f5pc7T+Q==",
      "dev": true
    },
    "node_modules/express": {
      "version": "4.18.1",
      "resolved": "https://registry.npmjs.org/express/-/express-4.18.1.tgz",
      "integrity": "sha512-vfbpzo5xZAAfEphM1RuwMhLh3fQPBsTgOn5hS6R1Ht0y7b/cPIxy5QuzyVJdc0KLhvWAAs8PqzT+m7aiNp0pKA==",
      "dev": true,
      "dependencies": {
        "accepts": "~1.3.8",
        "array-flatten": "1.1.1",
        "body-parser": "1.19.0",
        "content-disposition": "0.5.3",
        "content-type": "~1.0.4",
        "cookie": "0.4.1",
        "cookie-signature": "1.0.6",
        "debug": "2.6.9",
        "depd": "~1.1.2",
        "encodeurl": "~1.0.2",
        "escape-html": "~1.0.3",
        "etag": "~1.8.1",
        "finalhandler": "~1.1.2",
        "fresh": "0.5.2",
        "merge-descriptors": "1.0.1",
        "methods": "~1.1.2",
        "on-finished": "~2.3.0",
        "parseurl": "~1.3.3",
        "path-to-regexp": "0.1.7",
        "proxy-addr": "~2.0.4",
        "qs": "6.9.4",
        "range-parser": "~1.2.1",
        "safe-buffer": "5.1.2",
        "send": "0.17.1",
        "serve-static": "1.14.1",
        "setprototypeof": "1.1.1",
        "statuses": "1.5.0",
        "type-is": "~1.6.18",
        "utils-merge": "1.0.1",
        "vary": "~1.1.2"
      }
    },
    "node_modules/express-enforces-ssl": {
      "version": "1.1.0",
      "resolved": "https://registry.npmjs.org/express-enforces-ssl/-/express-enforces-ssl-1.1.0.tgz",
      "integrity": "sha1-CeT+zHECXO3oNskkIlVjZnBdo+o=",
      "dev": true
    },
    "node_modules/express-sitemap": {
      "version": "1.8.0",
      "resolved": "https://registry.npmjs.org/express-sitemap/-/express-sitemap-1.8.0.tgz",
      "integrity": "sha512-98vMoUOLN5tGV27Hic+yD2Y3VWgNToI0GJqXWPl6B9+IBTVuAD4nynsEdczj/qqUN4Dl6J4s0nMVLwvkmmiR2Q==",
      "dev": true
    },
    "node_modules/final-form": {
      "version": "4.20.1",
      "resolved": "https://registry.npmjs.org/final-form/-/final-form-4.20.1.tgz",
      "integrity": "sha512-ny0oszjxt5WZK9nbIiwCwv4GeL8FIFmX1Wur4cbfH9JxR7o8CEtbHnWcSlydN6/0ZqWOB9HtVeCj5F2YO+iUXQ==",
      "dev": true
    },
    "node_modules/final-form-arrays": {
      "version": "3.0.2",
      "resolved": "https://registry.npmjs.org/final-form-arrays/-/final-form-arrays-3.0.2.tgz",
      "integrity": "sha512-02a+8+iqThlOZ1Ep7Hi3pKScyfvc9gsACjOi27FTO1bZBLPpDOb0T51EsKvwhH3Ll2eYg+OBZRtONm4KdyhhVw==",
      "dev": true
    },
    "node_modules/full-icu": {
      "version": "1.4.0",
      "resolved": "https://registry.npmjs.org/full-icu/-/full-icu-1.4.0.tgz",
      "integrity": "sha512-vFr2mTLmE2ox1+yxD3pLMyIFDWkfp+K9Q8y5F6GZ4gEYJb5o9HZGyw5R5HlLtfAjrJP+m7aPzJqaedh/FAV0Tw==",
      "dev": true
    },
    "node_modules/helmet": {
      "version": "4.6.0",
      "resolved": "https://registry.npmjs.org/helmet/-/helmet-4.6.0.tgz",
      "integrity": "sha512-8Z2N+XZbbxHMTZDzR9z5AN8Dvw2rRZ9TuPoO6W8ErLkUmQ9y9nlQfVV6UmpnGLc//x6lDmiBPuEZApFYNOa6hg==",
      "dev": true,
      "dependencies": {
        "connect": "^3.7.0",
        "dns-prefetch-control": "^0.2.0",
        "dont-sniff-mimetype": "^1.0.0",
        "expect-ct": "^0.2.0",
        "feature-policy": "^0.3.0",
        "frameguard": "^3.1.0",
        "helmet-crossdomain": "^0.4.0",
        "hide-powered-by": "^1.1.0",
        "hpkp": "^2.0.0",
        "hsts": "^2.2.0",
        "ienoopen": "^1.0.0",
        "nocache": "^2.1.0",
        "permitted-cross-domain-policies": "^0.1.0",
        "referrer-policy": "^1.2.0",
        "x-content-type-options": "^1.0.0",
        "x-dns-prefetch-control": "^0.1.0",
        "x-download-options": "^1.0.0",
        "x-frame-options": "^1.0.0",
        "x-permitted-cross-domain-policies": "^1.0.0",
        "x-xss-protection": "^1.0.0"
      }
    },
    "node_modules/jose": {
      "version": "4.8.1",
      "resolved": "https://registry.npmjs.org/jose/-/jose-4.8.1.tgz",
      "integrity": "sha512-2Fy5z7WmVeTkD4xMGUJbMzOGN/hYwDpbdxl5F6b4UuIgxSSeiOngjUKOtk+gNh7OlIa9qU3QmFAI8NTk5qA3hg==",
      "dev": true
    },
    "node_modules/lodash": {
      "version": "4.17.21",
      "resolved": "https://registry.npmjs.org/lodash/-/lodash-4.17.21.tgz",
      "integrity": "sha512-svEWF4k6gnjjQu6c5IugBhLukXaqFhg/Q+oU7kBbkY45zZgbmqMEFmlntDAOWRgp/7BXu/eJfihIjEAr6NfBUg==",
      "dev": true
    },
    "node_modules/mapbox-gl-multitouch": {
      "version": "1.0.3",
      "resolved": "https://registry.npmjs.org/mapbox-gl-multitouch/-/mapbox-gl-multitouch-1.0.3.tgz",
      "integrity": "sha512-7sPCq/s4e90AzJnpn6qTwSwdoBG+1vsHAcGgNdCvP0uKCrP+MXp0uAVpzOhyTPw4A63sePqzMeiQqrO8sYIcrg==",
      "dev": true
    },
    "node_modules/moment": {
      "version": "2.29.4",
      "resolved": "https://registry.npmjs.org/moment/-/moment-2.29.4.tgz",
      "integrity": "sha512-lK7K3dNHlydgo5dWb91kp6xqUgt0Nhv8IsZwcvk0yt5IFiT9O6DJX34h1Nqwq+mWlU5V7L3Zd0Y4u3qG86g2ZA==",
      "dev": true
    },
    "node_modules/passport": {
      "version": "0.6.0",
      "resolved": "https://registry.npmjs.org/passport/-/passport-0.6.0.tgz",
      "integrity": "sha512-Pjb38BUVZfRA9OaVfwbmQF6VbbNzYlyym5sdD/ZhBYX5hSKqK9Jk18ygrd5m2zgjvxleL57uVu+lDW1H5eWhCg==",
      "dev": true
    },
    "node_modules/passport-facebook": {
      "version": "3.0.0",
      "resolved": "https://registry.npmjs.org/passport-facebook/-/passport-facebook-3.0.0.tgz",
      "integrity": "sha512-sA0+uHmsZj12OjR65ViWAcSlt5DSxFh0mBo6C4YP3jPBlZPZ3w8ilCz9SoJlDJLOZcXY+Isc7Yixu0xdQ1tDbA==",
      "dev": true
    },
    "node_modules/passport-google-oauth": {
      "version": "2.0.0",
      "resolved": "https://registry.npmjs.org/passport-google-oauth/-/passport-google-oauth-2.0.0.tgz",
      "integrity": "sha512-Mg0LhLRrmyHpXnm6DA4Ulg+XmiZ/Zp9jzO1zBYdjhHRopMSzWBbNeLfJ5ZZoQLGJIXl+CmP2lY2h3S8E2xuX3Q==",
      "dev": true
    },
    "node_modules/path-to-regexp": {
      "version": "6.1.0",
      "resolved": "https://registry.npmjs.org/path-to-regexp/-/path-to-regexp-6.1.0.tgz",
      "integrity": "sha512-ovckFXou1e4rVoA3nvPBMgp6plB/jgIkfTQaQ++YYLHKMAEuRQkMYbS/RIvwnYUvErXg6x4FPvLgg0kLTb2GuQ==",
      "dev": true
    },
    "node_modules/prop-types": {
      "version": "15.7.2",
      "resolved": "https://registry.npmjs.org/prop-types/-/prop-types-15.7.2.tgz",
      "integrity": "sha512-TtHoVG1g7evdlTuIShnbYo+obqXANRh7TKLOtWEXe5pz4WZCL4eEmTq1xFVhCgqTnKePU5g7osYiV0/gNmhZfQ==",
      "dev": true
    },
    "node_modules/query-string": {
      "version": "6.13.1",
      "resolved": "https://registry.npmjs.org/query-string/-/query-string-6.13.1.tgz",
      "integrity": "sha512-2SBB6gPlYz4rbqfygl7wL/QTT1VsFxw7K0nPC5wJe5vC+MQEV6i12vDKngEOaBdFDm9NsdTL7oRQEdLCZODzLQ==",
      "dev": true
    },
    "node_modules/raf": {
      "version": "3.4.0",
      "resolved": "https://registry.npmjs.org/raf/-/raf-3.4.0.tgz",
      "integrity": "sha512-Xn5GYNQ6Oha8JCrbK5Bu1NH9y8bhMkRyd5ZCMy08vn7qDvl8aS7HCtEpGtEqHKwMRnzhHdoVihUo6toOQbnJzA==",
      "dev": true
    },
    "node_modules/react": {
      "version": "16.13.1",
      "resolved": "https://registry.npmjs.org/react/-/react-16.13.1.tgz",
      "integrity": "sha512-nuQF0au5jN9Cym9cnG0O53kSAOZigGg3lzGVyJ/V2RL5r11up00mIdtbO9fxiZZZhzKSSZzvsyc0hF0pZKD3sg==",
      "dev": true
    },
    "node_modules/react-dates": {
      "version": "21.3.1",
      "resolved": "https://registry.npmjs.org/react-dates/-/react-dates-21.3.1.tgz",
      "integrity": "sha512-0fLPF81c8etqG+XdxYNTs/X6Z+GJ6V3EkgI3UBmS+DJUm6eL1Gd8pRm2PvNFlhIj/UkTyUANMrFivXriBoP1NA==",
      "dev": true
    },
    "node_modules/react-dom": {
      "version": "16.13.1",
      "resolved": "https://registry.npmjs.org/react-dom/-/react-dom-16.13.1.tgz",
      "integrity": "sha512-fd4yEmG8Iwhw9X4jAW7YoKWeOFewmRJW17E8gwb6H/ljrfEafZ6cN0Y2obVmb2/pPi+0nm5pxumq/PNKhfnEkg==",
      "dev": true
    },
    "node_modules/react-final-form": {
      "version": "6.5.9",
      "resolved": "https://registry.npmjs.org/react-final-form/-/react-final-form-6.5.9.tgz",
      "integrity": "sha512-PyGTY4Tj9WupnAYZTIL/NuUoFAO+rTrBlK6kcYtHhdFQBaUSIvFBkj+c0J04DhZffI5r1c3BB8VcmUbD6ZzKww==",
      "dev": true
    },
    "node_modules/react-final-form-arrays": {
      "version": "3.1.3",
      "resolved": "https://registry.npmjs.org/react-final-form-arrays/-/react-final-form-arrays-3.1.3.tgz",
      "integrity": "sha512-xMwP7tDSPrEmefMk5MyyxFnW1HoWfJfhPvZ1n3nmWxGzVLJzDBoCjArK+yXH3Wll0SjtZDvl3RCX6YzZG9k+IA==",
      "dev": true
    },
    "node_modules/react-google-maps": {
      "version": "9.4.5",
      "resolved": "https://registry.npmjs.org/react-google-maps/-/react-google-maps-9.4.5.tgz",
      "integrity": "sha512-xtMlP1VZlePUUGh3LKeD2TJKSTg4L9m59cNSLVvDz9WICyXYvEyd3Tj9ZG3G7hA4J9pZqW8NB/ViOsCZG+67hg==",
      "dev": true
    },
    "node_modules/react-helmet-async": {
      "version": "1.3.0",
      "resolved": "https://registry.npmjs.org/react-helmet-async/-/react-helmet-async-1.3.0.tgz",
      "integrity": "sha512-yVRWm9tFcxx84tdquTjU9yeHK5Oln7ZP2Ri9qOYrkAjth+CxKNxCpRCr/jmJJWZ66UtOvKbvZwCOySTwITFqBA==",
      "dev": true
    },
    "node_modules/react-image-gallery": {
      "version": "1.0.9",
      "resolved": "https://registry.npmjs.org/react-image-gallery/-/react-image-gallery-1.0.9.tgz",
      "integrity": "sha512-qBLXf6u9g9Z8Fwnrpy4y9e7F6e/jDlfHFpQpbGVBeylINM0v77cftX1NH3E32F1KzhjST7aotV6Q8tShpM9K6w==",
      "dev": true
    },
    "node_modules/react-intl": {
      "version": "5.25.1",
      "resolved": "https://registry.npmjs.org/react-intl/-/react-intl-5.25.1.tgz",
      "integrity": "sha512-p5crUbCWQUmOmplX7vBJoUSzSak1BlEMOmUo8lWmHC5x+7r4e0h2+7d1Rh4lmg+dunEFZrcMz0QbOul2I4vxfA==",
      "dev": true
    },
    "node_modules/react-moment-proptypes": {
      "version": "1.8.1",
      "resolved": "https://registry.npmjs.org/react-moment-proptypes/-/react-moment-proptypes-1.8.1.tgz",
      "integrity": "sha512-HmQnUQAlNedOFXZpzyfn+HEu3+2EqLqRVqRg3KVRuRmPScN8KoQ1gQGo8DPx3H5TXWTOHQmALWadDxZePpmlwA==",
      "dev": true
    },
    "node_modules/react-redux": {
      "version": "7.2.8",
      "resolved": "https://registry.npmjs.org/react-redux/-/react-redux-7.2.8.tgz",
      "integrity": "sha512-w5ENl9fUtcl++SO7ZG4vvie8oSh/soGzQOqzTCy4V3Zl3hLUWeEXq09hbD8c3HK0yCOhrQChnvhnVjG8hvTzRA==",
      "dev": true
    },
    "node_modules/react-router-dom": {
      "version": "5.3.2",
      "resolved": "https://registry.npmjs.org/react-router-dom/-/react-router-dom-5.3.2.tgz",
      "integrity": "sha512-aR7ITmXPB0DSU2vQ9aNIfvMDc74Oe8UvKQbQmg5leRmNcJj+YIXaVhMObqXyRkmvgy56FwQEX6vUM/jgKuwE9Q==",
      "dev": true
    },
    "node_modules/react-with-direction": {
      "version": "1.4.0",
      "resolved": "https://registry.npmjs.org/react-with-direction/-/react-with-direction-1.4.0.tgz",
      "integrity": "sha512-oDkKw5c5eSiPSDr6GdsvD2P4Jw8RAA5ybnMew2+vD8UDsEbgKm8Wq6Uz2GbsnAB/09hsSmMS9PvsyTPRQpjqog==",
      "dev": true
    },
    "node_modules/redux": {
      "version": "4.2.0",
      "resolved": "https://registry.npmjs.org/redux/-/redux-4.2.0.tgz",
      "integrity": "sha512-YsvyOX93PaHso2itWKmONudayJ6zE9jOkznwux/22y+ULyQeuZhMY+kYMI/92Yy88Edj1Ra6zFsm8Ta2fuocDA==",
      "dev": true
    },
    "node_modules/redux-thunk": {
      "version": "2.4.1",
      "resolved": "https://registry.npmjs.org/redux-thunk/-/redux-thunk-2.4.1.tgz",
      "integrity": "sha512-Jlmuv7cbTR+6U5KNXQnFcaUgqStJpVG1icHo4R12IIcDrh+b4MKj70ePmBcl50Gb/CacrxmXZxMRwqUy3E3qRA==",
      "dev": true
    },
    "node_modules/rehype-react": {
      "version": "6.2.1",
      "resolved": "https://registry.npmjs.org/rehype-react/-/rehype-react-6.2.1.tgz",
      "integrity": "sha512-F8e11gO/ZybOxFbHy67oaV1QzHkm5xBFxd+2oPldHwwKwhmI8bq7GZ9eoDfNCXW/yswnfRzH1GyQ+SkT5gMseQ==",
      "dev": true
    },
    "node_modules/rehype-sanitize": {
      "version": "4.0.0",
      "resolved": "https://registry.npmjs.org/rehype-sanitize/-/rehype-sanitize-4.0.0.tgz",
      "integrity": "sha512-yRIE03HfXmpuY2W+BOvXU0IHxN/mb+F8Qb67QH2TXYKZPVsOHeXbsmfBa0Lh7b6uCPqFhf0ZguAqzIZz6jv8rg==",
      "dev": true
    },
    "node_modules/remark-parse": {
      "version": "9.0.0",
      "resolved": "https://registry.npmjs.org/remark-parse/-/remark-parse-9.0.0.tgz",
      "integrity": "sha512-PXJ3wvM3wsulv+UE8TG9nWImkL2tUeH6N5NFMb4plltOSfKpvsYOaW0dVkkGg2MWNN3jgx9YOXnHXX9BxYixzw==",
      "dev": true
    },
    "node_modules/remark-rehype": {
      "version": "8.1.0",
      "resolved": "https://registry.npmjs.org/remark-rehype/-/remark-rehype-8.1.0.tgz",
      "integrity": "sha512-m8Dq1TO4+4bGAhp/mHNVHJ73Kp6xlrTxR2oz2PY1BzH/0zRu6gduj5KiOC1j9Wx4GUMCGzAmgQp2s85ig9h+Sw==",
      "dev": true
    },
    "node_modules/seedrandom": {
      "version": "3.0.5",
      "resolved": "https://registry.npmjs.org/seedrandom/-/seedrandom-3.0.5.tgz",
      "integrity": "sha512-bkc9CMJ2W2nA5nQomW/tyBfs+OmGTAM+N8Ng8MkMjU4o4vFbh+V1RQJ+DSId/XxyZ0D2DzoOkvSevhwS09gLuw==",
      "dev": true
    },
    "node_modules/sharetribe-flex-sdk": {
      "version": "1.17.0",
      "resolved": "https://registry.npmjs.org/sharetribe-flex-sdk/-/sharetribe-flex-sdk-1.17.0.tgz",
      "integrity": "sha512-aNRAOGhv5smAVnH9k6+yK9QkTgGLMGH1sh8QkNcs5arxlNSmDJmBYX7WeZZSGjxJ2H03J7h5iTyJSiNsE3IryQ==",
      "dev": true
    },
    "node_modules/sharetribe-scripts": {
      "version": "6.0.0",
      "resolved": "https://registry.npmjs.org/sharetribe-scripts/-/sharetribe-scripts-6.0.0.tgz",
      "integrity": "sha512-/xflolhy7OgrvXaOFlbJw2na/xwFf91o0cp1MgLUxtiECsb3vNnFJ/mx3K/LE3N9mg2lsouDB7WzHcicHpEEnQ==",
      "dev": true
    },
    "node_modules/smoothscroll-polyfill": {
      "version": "0.4.0",
      "resolved": "https://registry.npmjs.org/smoothscroll-polyfill/-/smoothscroll-polyfill-0.4.0.tgz",
      "integrity": "sha512-q7y+1eUlG5nffXPQvGi6TOHHduHehJr0Ce//VUEdgnQtRxwsmp4v1+ye2Fw5jxC5y74a6w54bWcz/XYubFaiBw==",
      "dev": true
    },
    "node_modules/source-map-support": {
      "version": "0.5.21",
      "resolved": "https://registry.npmjs.org/source-map-support/-/source-map-support-0.5.21.tgz",
      "integrity": "sha512-uBHU3aovdyD+Qiw32qfRJ6Z0qjX0Nlb5kzUVDMhbR96LZzHapO8DRXK5I1DxW32yo0XGgfj4EeSgmD9eP+XPdw==",
      "dev": true
    },
    "node_modules/unified": {
      "version": "9.2.2",
      "resolved": "https://registry.npmjs.org/unified/-/unified-9.2.2.tgz",
      "integrity": "sha512-WHbclyQ6DVR+qIZYDSu9KyRHmAtWVG/mQe9f7D2mUvwJJIzwhsDa8/M6EAXNcPzvQIsR6e1bdv7x0xLklAJmFg==",
      "dev": true
    },
    "node_modules/url": {
      "version": "0.11.0",
      "resolved": "https://registry.npmjs.org/url/-/url-0.11.0.tgz",
      "integrity": "sha512-A8gMc+fBf5eX1Btqg8NmX0E6CQ1CWwxyxe4NY0QWk5CujPyc81WkWyTPE5r2S6u8OdStW/MkHOMZr50fsMO5BQ==",
      "dev": true
    }
  }
}
"""

# Save to a file
file_path = "/mnt/data/merged-package-lock.json"
with open(file_path, "w") as file:
    file.write(merged_content)

file_path &#8203;:citation[oaicite:0]{index=0}&#8203;
